<?xml version="1.0" encoding="utf-8"?>
<Project ToolsVersion="4.0" xmlns="http://schemas.microsoft.com/developer/msbuild/2003">
  <ItemGroup>
    <Filter Include="Source Files">
      <UniqueIdentifier>{4FC737F1-C7A5-4376-A066-2A32D752A2FF}</UniqueIdentifier>
      <Extensions>cpp;c;cc;cxx;def;odl;idl;hpj;bat;asm;asmx</Extensions>
    </Filter>
    <Filter Include="Header Files">
      <UniqueIdentifier>{93995380-89BD-4b04-88EB-625FBE52EBFB}</UniqueIdentifier>
      <Extensions>h;hpp;hxx;hm;inl;inc;xsd</Extensions>
    </Filter>
    <Filter Include="Resource Files">
      <UniqueIdentifier>{67DA6AB6-F800-4c08-8B7A-83BB121AAD01}</UniqueIdentifier>
      <Extensions>rc;ico;cur;bmp;dlg;rc2;rct;bin;rgs;gif;jpg;jpeg;jpe;resx;tiff;tif;png;wav;mfcribbon-ms</Extensions>
    </Filter>
  </ItemGroup>
  <ItemGroup>
    <None Include="ReadMe.txt" />
  </ItemGroup>
  <ItemGroup>
    <ClInclude Include="stdafx.h">
      <Filter>Header Files</Filter>
    </ClInclude>
    <ClInclude Include="targetver.h">
      <Filter>Header Files</Filter>
    </ClInclude>
    <ClInclude Include="includes.h">
      <Filter>Header Files</Filter>
    </ClInclude>
    <ClInclude Include="DemoPhase.h">
      <Filter>Header Files</Filter>
    </ClInclude>
    <ClInclude Include="ShaderPhase.h">
      <Filter>Header Files</Filter>
    </ClInclude>
    <ClInclude Include="ActorPhase.h">
      <Filter>Header Files</Filter>
    </ClInclude>
    <ClInclude Include="PhysicsActorPhase.h">
      <Filter>Header Files</Filter>
    </ClInclude>
    <ClInclude Include="SpherePhase.h">
      <Filter>Header Files</Filter>
    </ClInclude>
    <ClInclude Include="threeDActorPhase.h">
      <Filter>Header Files</Filter>
    </ClInclude>
    <ClInclude Include="InterpolationPhase.h">
      <Filter>Header Files</Filter>
    </ClInclude>
    <ClInclude Include="SplashPhase.h">
      <Filter>Header Files</Filter>
    </ClInclude>
    <ClInclude Include="SoundPhase.h">
      <Filter>Header Files</Filter>
    </ClInclude>
    <ClInclude Include="ExplosionAnimPhase.h">
      <Filter>Header Files</Filter>
    </ClInclude>
    <ClInclude Include="ParticlePhase.h">
      <Filter>Header Files</Filter>
    </ClInclude>
    <ClInclude Include="FlockAnimPhase.h">
      <Filter>Header Files</Filter>
    </ClInclude>
  </ItemGroup>
  <ItemGroup>
    <ClCompile Include="stdafx.cpp">
      <Filter>Source Files</Filter>
    </ClCompile>
    <ClCompile Include="YGEGame.cpp">
      <Filter>Source Files</Filter>
    </ClCompile>
    <ClCompile Include="DemoPhase.cpp">
      <Filter>Source Files</Filter>
    </ClCompile>
    <ClCompile Include="ShaderPhase.cpp">
      <Filter>Source Files</Filter>
    </ClCompile>
    <ClCompile Include="ActorPhase.cpp">
      <Filter>Source Files</Filter>
    </ClCompile>
    <ClCompile Include="PhysicsActorPhase.cpp">
      <Filter>Source Files</Filter>
    </ClCompile>
    <ClCompile Include="SpherePhase.cpp">
      <Filter>Source Files</Filter>
    </ClCompile>
    <ClCompile Include="threeDActorPhase.cpp">
      <Filter>Source Files</Filter>
    </ClCompile>
    <ClCompile Include="InterpolationPhase.cpp">
      <Filter>Source Files</Filter>
    </ClCompile>
    <ClCompile Include="SplashPhase.cpp">
      <Filter>Source Files</Filter>
    </ClCompile>
    <ClCompile Include="SoundPhase.cpp">
      <Filter>Source Files</Filter>
    </ClCompile>
    <ClCompile Include="ExplosionAnimPhase.cpp">
      <Filter>Source Files</Filter>
    </ClCompile>
    <ClCompile Include="ParticlePhase.cpp">
      <Filter>Source Files</Filter>
    </ClCompile>
    <ClCompile Include="FlockAnimPhase.cpp">
      <Filter>Source Files</Filter>
    </ClCompile>
  </ItemGroup>
  <ItemGroup>
    <Library Include="..\SDL-1.2.14\lib\SDL.lib">
      <Filter>Resource Files</Filter>
    </Library>
    <Library Include="..\SDL-1.2.14\lib\SDLmain.lib">
      <Filter>Resource Files</Filter>
    </Library>
  </ItemGroup>
</Project>